
Microsoft Visual Studio Solution File, Format Version 12.00
# Visual Studio Version 16
VisualStudioVersion = 16.0.31624.102
MinimumVisualStudioVersion = 10.0.40219.1
Project("{FAE04EC0-301F-11D3-BF4B-00C04F79EFBC}") = "CMM", "CMM\CMM.csproj", "{A318F114-49AD-408B-B03E-1466B2B0B3CE}"
EndProject
Global
	GlobalSection(SolutionConfigurationPlatforms) = preSolution
		Debug|Any CPU = Debug|Any CPU
		Release|Any CPU = Release|Any CPU
	EndGlobalSection
	GlobalSection(ProjectConfigurationPlatforms) = postSolution
		{A318F114-49AD-408B-B03E-1466B2B0B3CE}.Debug|Any CPU.ActiveCfg = Debug|Any CPU
		{A318F114-49AD-408B-B03E-1466B2B0B3CE}.Debug|Any CPU.Build.0 = Debug|Any CPU
		{A318F114-49AD-408B-B03E-1466B2B0B3CE}.Release|Any CPU.ActiveCfg = Release|Any CPU
		{A318F114-49AD-408B-B03E-1466B2B0B3CE}.Release|Any CPU.Build.0 = Release|Any CPU
	EndGlobalSection
	GlobalSection(SolutionProperties) = preSolution
		HideSolutionNode = FALSE
	EndGlobalSection
	GlobalSection(ExtensibilityGlobals) = postSolution
		SolutionGuid = {55C4929B-9BEB-4339-B1F7-542EC5A5EC37}
	EndGlobalSection
EndGlobal
